
Microsoft Visual Studio Solution File, Format Version 12.00
# Visual Studio Version 16
VisualStudioVersion = 16.0.30717.126
MinimumVisualStudioVersion = 10.0.40219.1
Project("{FAE04EC0-301F-11D3-BF4B-00C04F79EFBC}") = "spinFrameMvc", "spinFrameMvc\spinFrameMvc.csproj", "{5135C184-207D-4BA9-B1D3-8A8899502FFF}"
EndProject
Global
	GlobalSection(SolutionConfigurationPlatforms) = preSolution
		Debug|Any CPU = Debug|Any CPU
		Release|Any CPU = Release|Any CPU
	EndGlobalSection
	GlobalSection(ProjectConfigurationPlatforms) = postSolution
		{5135C184-207D-4BA9-B1D3-8A8899502FFF}.Debug|Any CPU.ActiveCfg = Debug|Any CPU
		{5135C184-207D-4BA9-B1D3-8A8899502FFF}.Debug|Any CPU.Build.0 = Debug|Any CPU
		{5135C184-207D-4BA9-B1D3-8A8899502FFF}.Release|Any CPU.ActiveCfg = Release|Any CPU
		{5135C184-207D-4BA9-B1D3-8A8899502FFF}.Release|Any CPU.Build.0 = Release|Any CPU
	EndGlobalSection
	GlobalSection(SolutionProperties) = preSolution
		HideSolutionNode = FALSE
	EndGlobalSection
	GlobalSection(ExtensibilityGlobals) = postSolution
		SolutionGuid = {0E11BD3B-058E-4656-B98C-A3C2A09B46AE}
	EndGlobalSection
EndGlobal
